
Microsoft Visual Studio Solution File, Format Version 12.00
# Visual Studio Version 16
VisualStudioVersion = 16.0.29424.173
MinimumVisualStudioVersion = 10.0.40219.1
Project("{2150E333-8FDC-42A3-9474-1A3956D46DE8}") = "IdentityServer", "IdentityServer", "{9212DF8C-5F1E-4BEE-A19C-5E1D687BF448}"
EndProject
Project("{2150E333-8FDC-42A3-9474-1A3956D46DE8}") = "Shared", "Shared", "{E9C0D14A-0577-4EFA-9839-2A33C6832E59}"
EndProject
Project("{2150E333-8FDC-42A3-9474-1A3956D46DE8}") = "src", "src", "{2F30C76B-B6A3-4E09-A08B-7CA0D71DA566}"
EndProject
Project("{2150E333-8FDC-42A3-9474-1A3956D46DE8}") = "test", "test", "{16FFEDCD-254C-40D3-8337-D69AD8215E51}"
EndProject
Project("{9A19103F-16F7-4668-BE54-9A1E7A4F7556}") = "IdentityServer.Core", "IdentityServer\src\IdentityServer.Core\IdentityServer.Core.csproj", "{8FEEDD1E-7B57-455D-8D24-015793691EB4}"
EndProject
Project("{9A19103F-16F7-4668-BE54-9A1E7A4F7556}") = "IdentityServer.Application", "IdentityServer\src\IdentityServer.Application\IdentityServer.Application.csproj", "{218878BD-B45E-44CD-8581-E03B2F3DD645}"
EndProject
Project("{9A19103F-16F7-4668-BE54-9A1E7A4F7556}") = "IdentityServer.Web.Core", "IdentityServer\src\IdentityServer.Web.Core\IdentityServer.Web.Core.csproj", "{BA2DA0F4-B102-4627-BC9A-471A22FAE0EB}"
EndProject
Project("{9A19103F-16F7-4668-BE54-9A1E7A4F7556}") = "IdentityServer.Web.Host", "IdentityServer\src\IdentityServer.Web.Host\IdentityServer.Web.Host.csproj", "{5C35004E-1F8E-4434-873E-CB75D8E4EC87}"
EndProject
Project("{9A19103F-16F7-4668-BE54-9A1E7A4F7556}") = "IdentityServer.Tests", "IdentityServer\test\IdentityServer.Tests\IdentityServer.Tests.csproj", "{B613B1CD-13FD-4ED9-8E9F-164DADD50934}"
EndProject
Project("{2150E333-8FDC-42A3-9474-1A3956D46DE8}") = "src", "src", "{47F80F2B-E294-43D0-BF84-7B4B00DC1040}"
EndProject
Project("{9A19103F-16F7-4668-BE54-9A1E7A4F7556}") = "Shared.Core", "Shared\src\Shared.Core\Shared.Core.csproj", "{66025C6C-7CD2-4E1A-93A6-0843B1AEDCFE}"
EndProject
Project("{9A19103F-16F7-4668-BE54-9A1E7A4F7556}") = "Shared.EntityFrameworkCore", "Shared\src\Shared.EntityFrameworkCore\Shared.EntityFrameworkCore.csproj", "{41696767-1554-485F-9945-7203683AD4DE}"
EndProject
Project("{9A19103F-16F7-4668-BE54-9A1E7A4F7556}") = "Shared.Migrator", "Shared\src\Shared.Migrator\Shared.Migrator.csproj", "{3062778F-7CFE-4F20-AA68-F7DD19B729CE}"
EndProject
Project("{2150E333-8FDC-42A3-9474-1A3956D46DE8}") = "MicroserviceSample", "MicroserviceSample", "{36180CEF-B5D4-4714-A3F5-96FA6B7DC2B3}"
EndProject
Project("{2150E333-8FDC-42A3-9474-1A3956D46DE8}") = "src", "src", "{44B7AE30-77CE-442D-9C4A-522689DD9EFB}"
EndProject
Project("{2150E333-8FDC-42A3-9474-1A3956D46DE8}") = "test", "test", "{1FD12009-05C0-4788-86E4-F86B9D20ABC4}"
EndProject
Project("{9A19103F-16F7-4668-BE54-9A1E7A4F7556}") = "MicroserviceSample.Core", "MicroserviceSample\src\MicroserviceSample.Core\MicroserviceSample.Core.csproj", "{E73481B6-D768-4DC0-8892-3EC1DF5A2185}"
EndProject
Project("{9A19103F-16F7-4668-BE54-9A1E7A4F7556}") = "MicroserviceSample.EntityFrameworkCore", "MicroserviceSample\src\MicroserviceSample.EntityFrameworkCore\MicroserviceSample.EntityFrameworkCore.csproj", "{A6675D66-613F-4E32-A9C2-93D6D6AC8707}"
EndProject
Project("{9A19103F-16F7-4668-BE54-9A1E7A4F7556}") = "MicroserviceSample.Migrator", "MicroserviceSample\src\MicroserviceSample.Migrator\MicroserviceSample.Migrator.csproj", "{4D050931-0307-455B-A5EB-A0FE8DCC4847}"
EndProject
Project("{9A19103F-16F7-4668-BE54-9A1E7A4F7556}") = "MicroserviceSample.Application", "MicroserviceSample\src\MicroserviceSample.Application\MicroserviceSample.Application.csproj", "{1EB19E16-FEFB-4AF4-9810-E16D149930BB}"
EndProject
Project("{9A19103F-16F7-4668-BE54-9A1E7A4F7556}") = "MicroserviceSample.Web.Core", "MicroserviceSample\src\MicroserviceSample.Web.Core\MicroserviceSample.Web.Core.csproj", "{3DAD5059-14AE-4C09-B843-69F5A31AD711}"
EndProject
Project("{9A19103F-16F7-4668-BE54-9A1E7A4F7556}") = "MicroserviceSample.Web.Host", "MicroserviceSample\src\MicroserviceSample.Web.Host\MicroserviceSample.Web.Host.csproj", "{76FB5A14-9EF3-46CF-BAB4-5F00650FF78D}"
EndProject
Project("{9A19103F-16F7-4668-BE54-9A1E7A4F7556}") = "MicroserviceSample.Tests", "MicroserviceSample\test\MicroserviceSample.Tests\MicroserviceSample.Tests.csproj", "{8C8362BA-581C-436D-A89D-1C3EE8AD29C4}"
EndProject
Project("{2150E333-8FDC-42A3-9474-1A3956D46DE8}") = "Tool", "Tool", "{21E4C84A-1DE0-4C62-B6CD-A264E7AFC4B5}"
EndProject
Project("{2150E333-8FDC-42A3-9474-1A3956D46DE8}") = "src", "src", "{1D1AA771-24E4-4554-913E-D4653CA2B292}"
EndProject
Project("{FAE04EC0-301F-11D3-BF4B-00C04F79EFBC}") = "Tool.CreateNewMicroservice", "Tool\src\Tool.CreateNewMicroservice\Tool.CreateNewMicroservice.csproj", "{3CA0A5CC-6FAA-4E90-87E7-1EF8D981E7D9}"
EndProject
Global
	GlobalSection(SolutionConfigurationPlatforms) = preSolution
		Debug|Any CPU = Debug|Any CPU
		Release|Any CPU = Release|Any CPU
	EndGlobalSection
	GlobalSection(ProjectConfigurationPlatforms) = postSolution
		{8FEEDD1E-7B57-455D-8D24-015793691EB4}.Debug|Any CPU.ActiveCfg = Debug|Any CPU
		{8FEEDD1E-7B57-455D-8D24-015793691EB4}.Debug|Any CPU.Build.0 = Debug|Any CPU
		{8FEEDD1E-7B57-455D-8D24-015793691EB4}.Release|Any CPU.ActiveCfg = Release|Any CPU
		{8FEEDD1E-7B57-455D-8D24-015793691EB4}.Release|Any CPU.Build.0 = Release|Any CPU
		{218878BD-B45E-44CD-8581-E03B2F3DD645}.Debug|Any CPU.ActiveCfg = Debug|Any CPU
		{218878BD-B45E-44CD-8581-E03B2F3DD645}.Debug|Any CPU.Build.0 = Debug|Any CPU
		{218878BD-B45E-44CD-8581-E03B2F3DD645}.Release|Any CPU.ActiveCfg = Release|Any CPU
		{218878BD-B45E-44CD-8581-E03B2F3DD645}.Release|Any CPU.Build.0 = Release|Any CPU
		{BA2DA0F4-B102-4627-BC9A-471A22FAE0EB}.Debug|Any CPU.ActiveCfg = Debug|Any CPU
		{BA2DA0F4-B102-4627-BC9A-471A22FAE0EB}.Debug|Any CPU.Build.0 = Debug|Any CPU
		{BA2DA0F4-B102-4627-BC9A-471A22FAE0EB}.Release|Any CPU.ActiveCfg = Release|Any CPU
		{BA2DA0F4-B102-4627-BC9A-471A22FAE0EB}.Release|Any CPU.Build.0 = Release|Any CPU
		{5C35004E-1F8E-4434-873E-CB75D8E4EC87}.Debug|Any CPU.ActiveCfg = Debug|Any CPU
		{5C35004E-1F8E-4434-873E-CB75D8E4EC87}.Debug|Any CPU.Build.0 = Debug|Any CPU
		{5C35004E-1F8E-4434-873E-CB75D8E4EC87}.Release|Any CPU.ActiveCfg = Release|Any CPU
		{5C35004E-1F8E-4434-873E-CB75D8E4EC87}.Release|Any CPU.Build.0 = Release|Any CPU
		{B613B1CD-13FD-4ED9-8E9F-164DADD50934}.Debug|Any CPU.ActiveCfg = Debug|Any CPU
		{B613B1CD-13FD-4ED9-8E9F-164DADD50934}.Debug|Any CPU.Build.0 = Debug|Any CPU
		{B613B1CD-13FD-4ED9-8E9F-164DADD50934}.Release|Any CPU.ActiveCfg = Release|Any CPU
		{B613B1CD-13FD-4ED9-8E9F-164DADD50934}.Release|Any CPU.Build.0 = Release|Any CPU
		{66025C6C-7CD2-4E1A-93A6-0843B1AEDCFE}.Debug|Any CPU.ActiveCfg = Debug|Any CPU
		{66025C6C-7CD2-4E1A-93A6-0843B1AEDCFE}.Debug|Any CPU.Build.0 = Debug|Any CPU
		{66025C6C-7CD2-4E1A-93A6-0843B1AEDCFE}.Release|Any CPU.ActiveCfg = Release|Any CPU
		{66025C6C-7CD2-4E1A-93A6-0843B1AEDCFE}.Release|Any CPU.Build.0 = Release|Any CPU
		{41696767-1554-485F-9945-7203683AD4DE}.Debug|Any CPU.ActiveCfg = Debug|Any CPU
		{41696767-1554-485F-9945-7203683AD4DE}.Debug|Any CPU.Build.0 = Debug|Any CPU
		{41696767-1554-485F-9945-7203683AD4DE}.Release|Any CPU.ActiveCfg = Release|Any CPU
		{41696767-1554-485F-9945-7203683AD4DE}.Release|Any CPU.Build.0 = Release|Any CPU
		{3062778F-7CFE-4F20-AA68-F7DD19B729CE}.Debug|Any CPU.ActiveCfg = Debug|Any CPU
		{3062778F-7CFE-4F20-AA68-F7DD19B729CE}.Debug|Any CPU.Build.0 = Debug|Any CPU
		{3062778F-7CFE-4F20-AA68-F7DD19B729CE}.Release|Any CPU.ActiveCfg = Release|Any CPU
		{3062778F-7CFE-4F20-AA68-F7DD19B729CE}.Release|Any CPU.Build.0 = Release|Any CPU
		{E73481B6-D768-4DC0-8892-3EC1DF5A2185}.Debug|Any CPU.ActiveCfg = Debug|Any CPU
		{E73481B6-D768-4DC0-8892-3EC1DF5A2185}.Debug|Any CPU.Build.0 = Debug|Any CPU
		{E73481B6-D768-4DC0-8892-3EC1DF5A2185}.Release|Any CPU.ActiveCfg = Release|Any CPU
		{E73481B6-D768-4DC0-8892-3EC1DF5A2185}.Release|Any CPU.Build.0 = Release|Any CPU
		{A6675D66-613F-4E32-A9C2-93D6D6AC8707}.Debug|Any CPU.ActiveCfg = Debug|Any CPU
		{A6675D66-613F-4E32-A9C2-93D6D6AC8707}.Debug|Any CPU.Build.0 = Debug|Any CPU
		{A6675D66-613F-4E32-A9C2-93D6D6AC8707}.Release|Any CPU.ActiveCfg = Release|Any CPU
		{A6675D66-613F-4E32-A9C2-93D6D6AC8707}.Release|Any CPU.Build.0 = Release|Any CPU
		{4D050931-0307-455B-A5EB-A0FE8DCC4847}.Debug|Any CPU.ActiveCfg = Debug|Any CPU
		{4D050931-0307-455B-A5EB-A0FE8DCC4847}.Debug|Any CPU.Build.0 = Debug|Any CPU
		{4D050931-0307-455B-A5EB-A0FE8DCC4847}.Release|Any CPU.ActiveCfg = Release|Any CPU
		{4D050931-0307-455B-A5EB-A0FE8DCC4847}.Release|Any CPU.Build.0 = Release|Any CPU
		{1EB19E16-FEFB-4AF4-9810-E16D149930BB}.Debug|Any CPU.ActiveCfg = Debug|Any CPU
		{1EB19E16-FEFB-4AF4-9810-E16D149930BB}.Debug|Any CPU.Build.0 = Debug|Any CPU
		{1EB19E16-FEFB-4AF4-9810-E16D149930BB}.Release|Any CPU.ActiveCfg = Release|Any CPU
		{1EB19E16-FEFB-4AF4-9810-E16D149930BB}.Release|Any CPU.Build.0 = Release|Any CPU
		{3DAD5059-14AE-4C09-B843-69F5A31AD711}.Debug|Any CPU.ActiveCfg = Debug|Any CPU
		{3DAD5059-14AE-4C09-B843-69F5A31AD711}.Debug|Any CPU.Build.0 = Debug|Any CPU
		{3DAD5059-14AE-4C09-B843-69F5A31AD711}.Release|Any CPU.ActiveCfg = Release|Any CPU
		{3DAD5059-14AE-4C09-B843-69F5A31AD711}.Release|Any CPU.Build.0 = Release|Any CPU
		{76FB5A14-9EF3-46CF-BAB4-5F00650FF78D}.Debug|Any CPU.ActiveCfg = Debug|Any CPU
		{76FB5A14-9EF3-46CF-BAB4-5F00650FF78D}.Debug|Any CPU.Build.0 = Debug|Any CPU
		{76FB5A14-9EF3-46CF-BAB4-5F00650FF78D}.Release|Any CPU.ActiveCfg = Release|Any CPU
		{76FB5A14-9EF3-46CF-BAB4-5F00650FF78D}.Release|Any CPU.Build.0 = Release|Any CPU
		{8C8362BA-581C-436D-A89D-1C3EE8AD29C4}.Debug|Any CPU.ActiveCfg = Debug|Any CPU
		{8C8362BA-581C-436D-A89D-1C3EE8AD29C4}.Debug|Any CPU.Build.0 = Debug|Any CPU
		{8C8362BA-581C-436D-A89D-1C3EE8AD29C4}.Release|Any CPU.ActiveCfg = Release|Any CPU
		{8C8362BA-581C-436D-A89D-1C3EE8AD29C4}.Release|Any CPU.Build.0 = Release|Any CPU
		{3CA0A5CC-6FAA-4E90-87E7-1EF8D981E7D9}.Debug|Any CPU.ActiveCfg = Debug|Any CPU
		{3CA0A5CC-6FAA-4E90-87E7-1EF8D981E7D9}.Debug|Any CPU.Build.0 = Debug|Any CPU
		{3CA0A5CC-6FAA-4E90-87E7-1EF8D981E7D9}.Release|Any CPU.ActiveCfg = Release|Any CPU
		{3CA0A5CC-6FAA-4E90-87E7-1EF8D981E7D9}.Release|Any CPU.Build.0 = Release|Any CPU
	EndGlobalSection
	GlobalSection(SolutionProperties) = preSolution
		HideSolutionNode = FALSE
	EndGlobalSection
	GlobalSection(NestedProjects) = preSolution
		{2F30C76B-B6A3-4E09-A08B-7CA0D71DA566} = {9212DF8C-5F1E-4BEE-A19C-5E1D687BF448}
		{16FFEDCD-254C-40D3-8337-D69AD8215E51} = {9212DF8C-5F1E-4BEE-A19C-5E1D687BF448}
		{8FEEDD1E-7B57-455D-8D24-015793691EB4} = {2F30C76B-B6A3-4E09-A08B-7CA0D71DA566}
		{218878BD-B45E-44CD-8581-E03B2F3DD645} = {2F30C76B-B6A3-4E09-A08B-7CA0D71DA566}
		{BA2DA0F4-B102-4627-BC9A-471A22FAE0EB} = {2F30C76B-B6A3-4E09-A08B-7CA0D71DA566}
		{5C35004E-1F8E-4434-873E-CB75D8E4EC87} = {2F30C76B-B6A3-4E09-A08B-7CA0D71DA566}
		{B613B1CD-13FD-4ED9-8E9F-164DADD50934} = {16FFEDCD-254C-40D3-8337-D69AD8215E51}
		{47F80F2B-E294-43D0-BF84-7B4B00DC1040} = {E9C0D14A-0577-4EFA-9839-2A33C6832E59}
		{66025C6C-7CD2-4E1A-93A6-0843B1AEDCFE} = {47F80F2B-E294-43D0-BF84-7B4B00DC1040}
		{41696767-1554-485F-9945-7203683AD4DE} = {47F80F2B-E294-43D0-BF84-7B4B00DC1040}
		{3062778F-7CFE-4F20-AA68-F7DD19B729CE} = {47F80F2B-E294-43D0-BF84-7B4B00DC1040}
		{44B7AE30-77CE-442D-9C4A-522689DD9EFB} = {36180CEF-B5D4-4714-A3F5-96FA6B7DC2B3}
		{1FD12009-05C0-4788-86E4-F86B9D20ABC4} = {36180CEF-B5D4-4714-A3F5-96FA6B7DC2B3}
		{E73481B6-D768-4DC0-8892-3EC1DF5A2185} = {44B7AE30-77CE-442D-9C4A-522689DD9EFB}
		{A6675D66-613F-4E32-A9C2-93D6D6AC8707} = {44B7AE30-77CE-442D-9C4A-522689DD9EFB}
		{4D050931-0307-455B-A5EB-A0FE8DCC4847} = {44B7AE30-77CE-442D-9C4A-522689DD9EFB}
		{1EB19E16-FEFB-4AF4-9810-E16D149930BB} = {44B7AE30-77CE-442D-9C4A-522689DD9EFB}
		{3DAD5059-14AE-4C09-B843-69F5A31AD711} = {44B7AE30-77CE-442D-9C4A-522689DD9EFB}
		{76FB5A14-9EF3-46CF-BAB4-5F00650FF78D} = {44B7AE30-77CE-442D-9C4A-522689DD9EFB}
		{8C8362BA-581C-436D-A89D-1C3EE8AD29C4} = {1FD12009-05C0-4788-86E4-F86B9D20ABC4}
		{1D1AA771-24E4-4554-913E-D4653CA2B292} = {21E4C84A-1DE0-4C62-B6CD-A264E7AFC4B5}
		{3CA0A5CC-6FAA-4E90-87E7-1EF8D981E7D9} = {1D1AA771-24E4-4554-913E-D4653CA2B292}
	EndGlobalSection
	GlobalSection(ExtensibilityGlobals) = postSolution
		SolutionGuid = {CA6400D4-91CF-4473-9B6F-DE50E066E8B4}
	EndGlobalSection
EndGlobal
